// !$*UTF8*$!
{
	archiveVersion = 1;
	classes = {
	};
	objectVersion = 46;
	objects = {

/* Begin PBXBuildFile section */
		6C2EB86DC8CBAC913D19023B /* Pods_GroupMeTest.framework in Frameworks */ = {isa = PBXBuildFile; fileRef = B08F12E6611C22D6E494E2E9 /* Pods_GroupMeTest.framework */; };
		6DE5D28D0CDD4DB2B2B7AA0B /* Pods.framework in Frameworks */ = {isa = PBXBuildFile; fileRef = E24914A70891FD3EC4FD773B /* Pods.framework */; };
		AFCD8AB71C210B4D00A4A0EB /* AppDelegate.swift in Sources */ = {isa = PBXBuildFile; fileRef = AFCD8AB61C210B4D00A4A0EB /* AppDelegate.swift */; };
		AFCD8AB91C210B4D00A4A0EB /* ViewController.swift in Sources */ = {isa = PBXBuildFile; fileRef = AFCD8AB81C210B4D00A4A0EB /* ViewController.swift */; };
		AFCD8ABC1C210B4D00A4A0EB /* Main.storyboard in Resources */ = {isa = PBXBuildFile; fileRef = AFCD8ABA1C210B4D00A4A0EB /* Main.storyboard */; };
		AFCD8ABE1C210B4D00A4A0EB /* Assets.xcassets in Resources */ = {isa = PBXBuildFile; fileRef = AFCD8ABD1C210B4D00A4A0EB /* Assets.xcassets */; };
		AFCD8AC11C210B4D00A4A0EB /* LaunchScreen.storyboard in Resources */ = {isa = PBXBuildFile; fileRef = AFCD8ABF1C210B4D00A4A0EB /* LaunchScreen.storyboard */; };
		AFE3D0A51C47E90F00B455B0 /* CourseTableViewController.swift in Sources */ = {isa = PBXBuildFile; fileRef = AFE3D0A31C47E90F00B455B0 /* CourseTableViewController.swift */; };
		AFE3D0A61C47E90F00B455B0 /* SubjectTableViewController.swift in Sources */ = {isa = PBXBuildFile; fileRef = AFE3D0A41C47E90F00B455B0 /* SubjectTableViewController.swift */; };
		AFE3D0A81C47E96000B455B0 /* courses.json in Resources */ = {isa = PBXBuildFile; fileRef = AFE3D0A71C47E96000B455B0 /* courses.json */; };
		AFE3D0AA1C47E9FF00B455B0 /* SectionTableViewController.swift in Sources */ = {isa = PBXBuildFile; fileRef = AFE3D0A91C47E9FF00B455B0 /* SectionTableViewController.swift */; };
		D372CE681C39EE1000BD1732 /* AudioToolbox.framework in Frameworks */ = {isa = PBXBuildFile; fileRef = D372CE671C39EE1000BD1732 /* AudioToolbox.framework */; };
		D372CE6A1C39EE1700BD1732 /* CFNetwork.framework in Frameworks */ = {isa = PBXBuildFile; fileRef = D372CE691C39EE1700BD1732 /* CFNetwork.framework */; };
		D372CE6C1C39EE1F00BD1732 /* CoreGraphics.framework in Frameworks */ = {isa = PBXBuildFile; fileRef = D372CE6B1C39EE1F00BD1732 /* CoreGraphics.framework */; };
		D372CE6E1C39EE2800BD1732 /* CoreLocation.framework in Frameworks */ = {isa = PBXBuildFile; fileRef = D372CE6D1C39EE2800BD1732 /* CoreLocation.framework */; };
		D372CE701C39EE3000BD1732 /* QuartzCore.framework in Frameworks */ = {isa = PBXBuildFile; fileRef = D372CE6F1C39EE3000BD1732 /* QuartzCore.framework */; };
		D372CE721C39EE3700BD1732 /* Security.framework in Frameworks */ = {isa = PBXBuildFile; fileRef = D372CE711C39EE3700BD1732 /* Security.framework */; };
		D372CE741C39EE3E00BD1732 /* StoreKit.framework in Frameworks */ = {isa = PBXBuildFile; fileRef = D372CE731C39EE3E00BD1732 /* StoreKit.framework */; };
		D372CE761C39EE4D00BD1732 /* SystemConfiguration.framework in Frameworks */ = {isa = PBXBuildFile; fileRef = D372CE751C39EE4D00BD1732 /* SystemConfiguration.framework */; };
		D372CE781C39EE7500BD1732 /* libz.tbd in Frameworks */ = {isa = PBXBuildFile; fileRef = D372CE771C39EE7500BD1732 /* libz.tbd */; };
		D372CE7A1C39EE7D00BD1732 /* libsqlite3.tbd in Frameworks */ = {isa = PBXBuildFile; fileRef = D372CE791C39EE7D00BD1732 /* libsqlite3.tbd */; };
/* End PBXBuildFile section */

/* Begin PBXFileReference section */
		14B7A4995F7B2F9B1339254E /* Pods.release.xcconfig */ = {isa = PBXFileReference; includeInIndex = 1; lastKnownFileType = text.xcconfig; name = Pods.release.xcconfig; path = "Pods/Target Support Files/Pods/Pods.release.xcconfig"; sourceTree = "<group>"; };
		AFCD8AB31C210B4D00A4A0EB /* GroupMeTest.app */ = {isa = PBXFileReference; explicitFileType = wrapper.application; includeInIndex = 0; path = GroupMeTest.app; sourceTree = BUILT_PRODUCTS_DIR; };
		AFCD8AB61C210B4D00A4A0EB /* AppDelegate.swift */ = {isa = PBXFileReference; lastKnownFileType = sourcecode.swift; path = AppDelegate.swift; sourceTree = "<group>"; };
		AFCD8AB81C210B4D00A4A0EB /* ViewController.swift */ = {isa = PBXFileReference; lastKnownFileType = sourcecode.swift; path = ViewController.swift; sourceTree = "<group>"; };
		AFCD8ABB1C210B4D00A4A0EB /* Base */ = {isa = PBXFileReference; lastKnownFileType = file.storyboard; name = Base; path = Base.lproj/Main.storyboard; sourceTree = "<group>"; };
		AFCD8ABD1C210B4D00A4A0EB /* Assets.xcassets */ = {isa = PBXFileReference; lastKnownFileType = folder.assetcatalog; path = Assets.xcassets; sourceTree = "<group>"; };
		AFCD8AC01C210B4D00A4A0EB /* Base */ = {isa = PBXFileReference; lastKnownFileType = file.storyboard; name = Base; path = Base.lproj/LaunchScreen.storyboard; sourceTree = "<group>"; };
		AFCD8AC21C210B4D00A4A0EB /* Info.plist */ = {isa = PBXFileReference; lastKnownFileType = text.plist.xml; path = Info.plist; sourceTree = "<group>"; };
		AFE3D0A31C47E90F00B455B0 /* CourseTableViewController.swift */ = {isa = PBXFileReference; fileEncoding = 4; lastKnownFileType = sourcecode.swift; name = CourseTableViewController.swift; path = "../../Duke-Study-Group/SwiftParseChat/CourseTableViewController.swift"; sourceTree = "<group>"; };
		AFE3D0A41C47E90F00B455B0 /* SubjectTableViewController.swift */ = {isa = PBXFileReference; fileEncoding = 4; lastKnownFileType = sourcecode.swift; name = SubjectTableViewController.swift; path = "../../Duke-Study-Group/SwiftParseChat/SubjectTableViewController.swift"; sourceTree = "<group>"; };
		AFE3D0A71C47E96000B455B0 /* courses.json */ = {isa = PBXFileReference; fileEncoding = 4; lastKnownFileType = text.json; name = courses.json; path = "../../Duke-Study-Group/SwiftParseChat/courses.json"; sourceTree = "<group>"; };
		AFE3D0A91C47E9FF00B455B0 /* SectionTableViewController.swift */ = {isa = PBXFileReference; fileEncoding = 4; lastKnownFileType = sourcecode.swift; path = SectionTableViewController.swift; sourceTree = "<group>"; };
		B08F12E6611C22D6E494E2E9 /* Pods_GroupMeTest.framework */ = {isa = PBXFileReference; explicitFileType = wrapper.framework; includeInIndex = 0; path = Pods_GroupMeTest.framework; sourceTree = BUILT_PRODUCTS_DIR; };
		CFEE06621C52905736CF02B5 /* Pods.debug.xcconfig */ = {isa = PBXFileReference; includeInIndex = 1; lastKnownFileType = text.xcconfig; name = Pods.debug.xcconfig; path = "Pods/Target Support Files/Pods/Pods.debug.xcconfig"; sourceTree = "<group>"; };
		D372CE671C39EE1000BD1732 /* AudioToolbox.framework */ = {isa = PBXFileReference; lastKnownFileType = wrapper.framework; name = AudioToolbox.framework; path = System/Library/Frameworks/AudioToolbox.framework; sourceTree = SDKROOT; };
		D372CE691C39EE1700BD1732 /* CFNetwork.framework */ = {isa = PBXFileReference; lastKnownFileType = wrapper.framework; name = CFNetwork.framework; path = System/Library/Frameworks/CFNetwork.framework; sourceTree = SDKROOT; };
		D372CE6B1C39EE1F00BD1732 /* CoreGraphics.framework */ = {isa = PBXFileReference; lastKnownFileType = wrapper.framework; name = CoreGraphics.framework; path = System/Library/Frameworks/CoreGraphics.framework; sourceTree = SDKROOT; };
		D372CE6D1C39EE2800BD1732 /* CoreLocation.framework */ = {isa = PBXFileReference; lastKnownFileType = wrapper.framework; name = CoreLocation.framework; path = System/Library/Frameworks/CoreLocation.framework; sourceTree = SDKROOT; };
		D372CE6F1C39EE3000BD1732 /* QuartzCore.framework */ = {isa = PBXFileReference; lastKnownFileType = wrapper.framework; name = QuartzCore.framework; path = System/Library/Frameworks/QuartzCore.framework; sourceTree = SDKROOT; };
		D372CE711C39EE3700BD1732 /* Security.framework */ = {isa = PBXFileReference; lastKnownFileType = wrapper.framework; name = Security.framework; path = System/Library/Frameworks/Security.framework; sourceTree = SDKROOT; };
		D372CE731C39EE3E00BD1732 /* StoreKit.framework */ = {isa = PBXFileReference; lastKnownFileType = wrapper.framework; name = StoreKit.framework; path = System/Library/Frameworks/StoreKit.framework; sourceTree = SDKROOT; };
		D372CE751C39EE4D00BD1732 /* SystemConfiguration.framework */ = {isa = PBXFileReference; lastKnownFileType = wrapper.framework; name = SystemConfiguration.framework; path = System/Library/Frameworks/SystemConfiguration.framework; sourceTree = SDKROOT; };
		D372CE771C39EE7500BD1732 /* libz.tbd */ = {isa = PBXFileReference; lastKnownFileType = "sourcecode.text-based-dylib-definition"; name = libz.tbd; path = usr/lib/libz.tbd; sourceTree = SDKROOT; };
		D372CE791C39EE7D00BD1732 /* libsqlite3.tbd */ = {isa = PBXFileReference; lastKnownFileType = "sourcecode.text-based-dylib-definition"; name = libsqlite3.tbd; path = usr/lib/libsqlite3.tbd; sourceTree = SDKROOT; };
		E24914A70891FD3EC4FD773B /* Pods.framework */ = {isa = PBXFileReference; explicitFileType = wrapper.framework; includeInIndex = 0; path = Pods.framework; sourceTree = BUILT_PRODUCTS_DIR; };
/* End PBXFileReference section */

/* Begin PBXFrameworksBuildPhase section */
		AFCD8AB01C210B4D00A4A0EB /* Frameworks */ = {
			isa = PBXFrameworksBuildPhase;
			buildActionMask = 2147483647;
			files = (
				D372CE7A1C39EE7D00BD1732 /* libsqlite3.tbd in Frameworks */,
				D372CE781C39EE7500BD1732 /* libz.tbd in Frameworks */,
				D372CE761C39EE4D00BD1732 /* SystemConfiguration.framework in Frameworks */,
				D372CE741C39EE3E00BD1732 /* StoreKit.framework in Frameworks */,
				D372CE721C39EE3700BD1732 /* Security.framework in Frameworks */,
				D372CE701C39EE3000BD1732 /* QuartzCore.framework in Frameworks */,
				D372CE6E1C39EE2800BD1732 /* CoreLocation.framework in Frameworks */,
				D372CE6C1C39EE1F00BD1732 /* CoreGraphics.framework in Frameworks */,
				D372CE6A1C39EE1700BD1732 /* CFNetwork.framework in Frameworks */,
				D372CE681C39EE1000BD1732 /* AudioToolbox.framework in Frameworks */,
				6DE5D28D0CDD4DB2B2B7AA0B /* Pods.framework in Frameworks */,
				6C2EB86DC8CBAC913D19023B /* Pods_GroupMeTest.framework in Frameworks */,
			);
			runOnlyForDeploymentPostprocessing = 0;
		};
/* End PBXFrameworksBuildPhase section */

/* Begin PBXGroup section */
		9A2ADBB3F92C491D3C6D4D33 /* Frameworks */ = {
			isa = PBXGroup;
			children = (
				D372CE791C39EE7D00BD1732 /* libsqlite3.tbd */,
				D372CE771C39EE7500BD1732 /* libz.tbd */,
				D372CE751C39EE4D00BD1732 /* SystemConfiguration.framework */,
				D372CE731C39EE3E00BD1732 /* StoreKit.framework */,
				D372CE711C39EE3700BD1732 /* Security.framework */,
				D372CE6F1C39EE3000BD1732 /* QuartzCore.framework */,
				D372CE6D1C39EE2800BD1732 /* CoreLocation.framework */,
				D372CE6B1C39EE1F00BD1732 /* CoreGraphics.framework */,
				D372CE691C39EE1700BD1732 /* CFNetwork.framework */,
				D372CE671C39EE1000BD1732 /* AudioToolbox.framework */,
				E24914A70891FD3EC4FD773B /* Pods.framework */,
				B08F12E6611C22D6E494E2E9 /* Pods_GroupMeTest.framework */,
			);
			name = Frameworks;
			sourceTree = "<group>";
		};
		A3C2A70BC4CBCF3C0656B41A /* Pods */ = {
			isa = PBXGroup;
			children = (
				CFEE06621C52905736CF02B5 /* Pods.debug.xcconfig */,
				14B7A4995F7B2F9B1339254E /* Pods.release.xcconfig */,
			);
			name = Pods;
			sourceTree = "<group>";
		};
		AFCD8AAA1C210B4D00A4A0EB = {
			isa = PBXGroup;
			children = (
				AFCD8AB51C210B4D00A4A0EB /* GroupMeTest */,
				AFCD8AB41C210B4D00A4A0EB /* Products */,
				A3C2A70BC4CBCF3C0656B41A /* Pods */,
				9A2ADBB3F92C491D3C6D4D33 /* Frameworks */,
			);
			sourceTree = "<group>";
		};
		AFCD8AB41C210B4D00A4A0EB /* Products */ = {
			isa = PBXGroup;
			children = (
				AFCD8AB31C210B4D00A4A0EB /* GroupMeTest.app */,
			);
			name = Products;
			sourceTree = "<group>";
		};
		AFCD8AB51C210B4D00A4A0EB /* GroupMeTest */ = {
			isa = PBXGroup;
			children = (
				AFE3D0A31C47E90F00B455B0 /* CourseTableViewController.swift */,
				AFE3D0A41C47E90F00B455B0 /* SubjectTableViewController.swift */,
				AFE3D0A71C47E96000B455B0 /* courses.json */,
				AFCD8AB61C210B4D00A4A0EB /* AppDelegate.swift */,
				AFCD8AB81C210B4D00A4A0EB /* ViewController.swift */,
				AFCD8ABA1C210B4D00A4A0EB /* Main.storyboard */,
				AFCD8ABD1C210B4D00A4A0EB /* Assets.xcassets */,
				AFCD8ABF1C210B4D00A4A0EB /* LaunchScreen.storyboard */,
				AFCD8AC21C210B4D00A4A0EB /* Info.plist */,
				AFE3D0A91C47E9FF00B455B0 /* SectionTableViewController.swift */,
			);
			path = GroupMeTest;
			sourceTree = "<group>";
		};
/* End PBXGroup section */

/* Begin PBXNativeTarget section */
		AFCD8AB21C210B4D00A4A0EB /* GroupMeTest */ = {
			isa = PBXNativeTarget;
			buildConfigurationList = AFCD8AC51C210B4D00A4A0EB /* Build configuration list for PBXNativeTarget "GroupMeTest" */;
			buildPhases = (
				4F74B4B10BDFE8697AC7207B /* Check Pods Manifest.lock */,
				AFCD8AAF1C210B4D00A4A0EB /* Sources */,
				AFCD8AB01C210B4D00A4A0EB /* Frameworks */,
				AFCD8AB11C210B4D00A4A0EB /* Resources */,
				01571B9D4226A495FC3AB761 /* Embed Pods Frameworks */,
				392A73DDC5BEADC6F5C87513 /* Copy Pods Resources */,
			);
			buildRules = (
			);
			dependencies = (
			);
			name = GroupMeTest;
			productName = GroupMeTest;
			productReference = AFCD8AB31C210B4D00A4A0EB /* GroupMeTest.app */;
			productType = "com.apple.product-type.application";
		};
/* End PBXNativeTarget section */

/* Begin PBXProject section */
		AFCD8AAB1C210B4D00A4A0EB /* Project object */ = {
			isa = PBXProject;
			attributes = {
				LastUpgradeCheck = 0700;
				ORGANIZATIONNAME = "Brian Lin";
				TargetAttributes = {
					AFCD8AB21C210B4D00A4A0EB = {
						CreatedOnToolsVersion = 7.0.1;
					};
				};
			};
			buildConfigurationList = AFCD8AAE1C210B4D00A4A0EB /* Build configuration list for PBXProject "GroupMeTest" */;
			compatibilityVersion = "Xcode 3.2";
			developmentRegion = English;
			hasScannedForEncodings = 0;
			knownRegions = (
				en,
				Base,
			);
			mainGroup = AFCD8AAA1C210B4D00A4A0EB;
			productRefGroup = AFCD8AB41C210B4D00A4A0EB /* Products */;
			projectDirPath = "";
			projectRoot = "";
			targets = (
				AFCD8AB21C210B4D00A4A0EB /* GroupMeTest */,
			);
		};
/* End PBXProject section */

/* Begin PBXResourcesBuildPhase section */
		AFCD8AB11C210B4D00A4A0EB /* Resources */ = {
			isa = PBXResourcesBuildPhase;
			buildActionMask = 2147483647;
			files = (
				AFE3D0A81C47E96000B455B0 /* courses.json in Resources */,
				AFCD8AC11C210B4D00A4A0EB /* LaunchScreen.storyboard in Resources */,
				AFCD8ABE1C210B4D00A4A0EB /* Assets.xcassets in Resources */,
				AFCD8ABC1C210B4D00A4A0EB /* Main.storyboard in Resources */,
			);
			runOnlyForDeploymentPostprocessing = 0;
		};
/* End PBXResourcesBuildPhase section */

/* Begin PBXShellScriptBuildPhase section */
		01571B9D4226A495FC3AB761 /* Embed Pods Frameworks */ = {
			isa = PBXShellScriptBuildPhase;
			buildActionMask = 2147483647;
			files = (
			);
			inputPaths = (
			);
			name = "Embed Pods Frameworks";
			outputPaths = (
			);
			runOnlyForDeploymentPostprocessing = 0;
			shellPath = /bin/sh;
			shellScript = "\"${SRCROOT}/Pods/Target Support Files/Pods-GroupMeTest/Pods-GroupMeTest-frameworks.sh\"\n";
			showEnvVarsInLog = 0;
		};
		392A73DDC5BEADC6F5C87513 /* Copy Pods Resources */ = {
			isa = PBXShellScriptBuildPhase;
			buildActionMask = 2147483647;
			files = (
			);
			inputPaths = (
			);
			name = "Copy Pods Resources";
			outputPaths = (
			);
			runOnlyForDeploymentPostprocessing = 0;
			shellPath = /bin/sh;
			shellScript = "\"${SRCROOT}/Pods/Target Support Files/Pods-GroupMeTest/Pods-GroupMeTest-resources.sh\"\n";
			showEnvVarsInLog = 0;
		};
		4F74B4B10BDFE8697AC7207B /* Check Pods Manifest.lock */ = {
			isa = PBXShellScriptBuildPhase;
			buildActionMask = 2147483647;
			files = (
			);
			inputPaths = (
			);
			name = "Check Pods Manifest.lock";
			outputPaths = (
			);
			runOnlyForDeploymentPostprocessing = 0;
			shellPath = /bin/sh;
			shellScript = "diff \"${PODS_ROOT}/../Podfile.lock\" \"${PODS_ROOT}/Manifest.lock\" > /dev/null\nif [[ $? != 0 ]] ; then\n    cat << EOM\nerror: The sandbox is not in sync with the Podfile.lock. Run 'pod install' or update your CocoaPods installation.\nEOM\n    exit 1\nfi\n";
			showEnvVarsInLog = 0;
		};
/* End PBXShellScriptBuildPhase section */

/* Begin PBXSourcesBuildPhase section */
		AFCD8AAF1C210B4D00A4A0EB /* Sources */ = {
			isa = PBXSourcesBuildPhase;
			buildActionMask = 2147483647;
			files = (
				AFE3D0AA1C47E9FF00B455B0 /* SectionTableViewController.swift in Sources */,
				AFE3D0A61C47E90F00B455B0 /* SubjectTableViewController.swift in Sources */,
				AFCD8AB91C210B4D00A4A0EB /* ViewController.swift in Sources */,
				AFE3D0A51C47E90F00B455B0 /* CourseTableViewController.swift in Sources */,
				AFCD8AB71C210B4D00A4A0EB /* AppDelegate.swift in Sources */,
			);
			runOnlyForDeploymentPostprocessing = 0;
		};
/* End PBXSourcesBuildPhase section */

/* Begin PBXVariantGroup section */
		AFCD8ABA1C210B4D00A4A0EB /* Main.storyboard */ = {
			isa = PBXVariantGroup;
			children = (
				AFCD8ABB1C210B4D00A4A0EB /* Base */,
			);
			name = Main.storyboard;
			sourceTree = "<group>";
		};
		AFCD8ABF1C210B4D00A4A0EB /* LaunchScreen.storyboard */ = {
			isa = PBXVariantGroup;
			children = (
				AFCD8AC01C210B4D00A4A0EB /* Base */,
			);
			name = LaunchScreen.storyboard;
			sourceTree = "<group>";
		};
/* End PBXVariantGroup section */

/* Begin XCBuildConfiguration section */
		AFCD8AC31C210B4D00A4A0EB /* Debug */ = {
			isa = XCBuildConfiguration;
			buildSettings = {
				ALWAYS_SEARCH_USER_PATHS = NO;
				CLANG_CXX_LANGUAGE_STANDARD = "gnu++0x";
				CLANG_CXX_LIBRARY = "libc++";
				CLANG_ENABLE_MODULES = YES;
				CLANG_ENABLE_OBJC_ARC = YES;
				CLANG_WARN_BOOL_CONVERSION = YES;
				CLANG_WARN_CONSTANT_CONVERSION = YES;
				CLANG_WARN_DIRECT_OBJC_ISA_USAGE = YES_ERROR;
				CLANG_WARN_EMPTY_BODY = YES;
				CLANG_WARN_ENUM_CONVERSION = YES;
				CLANG_WARN_INT_CONVERSION = YES;
				CLANG_WARN_OBJC_ROOT_CLASS = YES_ERROR;
				CLANG_WARN_UNREACHABLE_CODE = YES;
				CLANG_WARN__DUPLICATE_METHOD_MATCH = YES;
				"CODE_SIGN_IDENTITY[sdk=iphoneos*]" = "iPhone Developer";
				COPY_PHASE_STRIP = NO;
				DEBUG_INFORMATION_FORMAT = dwarf;
				ENABLE_STRICT_OBJC_MSGSEND = YES;
				ENABLE_TESTABILITY = YES;
				GCC_C_LANGUAGE_STANDARD = gnu99;
				GCC_DYNAMIC_NO_PIC = NO;
				GCC_NO_COMMON_BLOCKS = YES;
				GCC_OPTIMIZATION_LEVEL = 0;
				GCC_PREPROCESSOR_DEFINITIONS = (
					"DEBUG=1",
					"$(inherited)",
				);
				GCC_WARN_64_TO_32_BIT_CONVERSION = YES;
				GCC_WARN_ABOUT_RETURN_TYPE = YES_ERROR;
				GCC_WARN_UNDECLARED_SELECTOR = YES;
				GCC_WARN_UNINITIALIZED_AUTOS = YES_AGGRESSIVE;
				GCC_WARN_UNUSED_FUNCTION = YES;
				GCC_WARN_UNUSED_VARIABLE = YES;
				IPHONEOS_DEPLOYMENT_TARGET = 9.0;
				MTL_ENABLE_DEBUG_INFO = YES;
				ONLY_ACTIVE_ARCH = YES;
				SDKROOT = iphoneos;
				SWIFT_OPTIMIZATION_LEVEL = "-Onone";
			};
			name = Debug;
		};
		AFCD8AC41C210B4D00A4A0EB /* Release */ = {
			isa = XCBuildConfiguration;
			buildSettings = {
				ALWAYS_SEARCH_USER_PATHS = NO;
				CLANG_CXX_LANGUAGE_STANDARD = "gnu++0x";
				CLANG_CXX_LIBRARY = "libc++";
				CLANG_ENABLE_MODULES = YES;
				CLANG_ENABLE_OBJC_ARC = YES;
				CLANG_WARN_BOOL_CONVERSION = YES;
				CLANG_WARN_CONSTANT_CONVERSION = YES;
				CLANG_WARN_DIRECT_OBJC_ISA_USAGE = YES_ERROR;
				CLANG_WARN_EMPTY_BODY = YES;
				CLANG_WARN_ENUM_CONVERSION = YES;
				CLANG_WARN_INT_CONVERSION = YES;
				CLANG_WARN_OBJC_ROOT_CLASS = YES_ERROR;
				CLANG_WARN_UNREACHABLE_CODE = YES;
				CLANG_WARN__DUPLICATE_METHOD_MATCH = YES;
				"CODE_SIGN_IDENTITY[sdk=iphoneos*]" = "iPhone Developer";
				COPY_PHASE_STRIP = NO;
				DEBUG_INFORMATION_FORMAT = "dwarf-with-dsym";
				ENABLE_NS_ASSERTIONS = NO;
				ENABLE_STRICT_OBJC_MSGSEND = YES;
				GCC_C_LANGUAGE_STANDARD = gnu99;
				GCC_NO_COMMON_BLOCKS = YES;
				GCC_WARN_64_TO_32_BIT_CONVERSION = YES;
				GCC_WARN_ABOUT_RETURN_TYPE = YES_ERROR;
				GCC_WARN_UNDECLARED_SELECTOR = YES;
				GCC_WARN_UNINITIALIZED_AUTOS = YES_AGGRESSIVE;
				GCC_WARN_UNUSED_FUNCTION = YES;
				GCC_WARN_UNUSED_VARIABLE = YES;
				IPHONEOS_DEPLOYMENT_TARGET = 9.0;
				MTL_ENABLE_DEBUG_INFO = NO;
				SDKROOT = iphoneos;
				VALIDATE_PRODUCT = YES;
			};
			name = Release;
		};
		AFCD8AC61C210B4D00A4A0EB /* Debug */ = {
			isa = XCBuildConfiguration;
			baseConfigurationReference = CFEE06621C52905736CF02B5 /* Pods.debug.xcconfig */;
			buildSettings = {
				ASSETCATALOG_COMPILER_APPICON_NAME = AppIcon;
				INFOPLIST_FILE = GroupMeTest/Info.plist;
				LD_RUNPATH_SEARCH_PATHS = "$(inherited) @executable_path/Frameworks";
				PRODUCT_BUNDLE_IDENTIFIER = BrianLin.GroupMeTest;
				PRODUCT_NAME = "$(TARGET_NAME)";
			};
			name = Debug;
		};
		AFCD8AC71C210B4D00A4A0EB /* Release */ = {
			isa = XCBuildConfiguration;
			baseConfigurationReference = 14B7A4995F7B2F9B1339254E /* Pods.release.xcconfig */;
			buildSettings = {
				ASSETCATALOG_COMPILER_APPICON_NAME = AppIcon;
				INFOPLIST_FILE = GroupMeTest/Info.plist;
				LD_RUNPATH_SEARCH_PATHS = "$(inherited) @executable_path/Frameworks";
				PRODUCT_BUNDLE_IDENTIFIER = BrianLin.GroupMeTest;
				PRODUCT_NAME = "$(TARGET_NAME)";
			};
			name = Release;
		};
/* End XCBuildConfiguration section */

/* Begin XCConfigurationList section */
		AFCD8AAE1C210B4D00A4A0EB /* Build configuration list for PBXProject "GroupMeTest" */ = {
			isa = XCConfigurationList;
			buildConfigurations = (
				AFCD8AC31C210B4D00A4A0EB /* Debug */,
				AFCD8AC41C210B4D00A4A0EB /* Release */,
			);
			defaultConfigurationIsVisible = 0;
			defaultConfigurationName = Release;
		};
		AFCD8AC51C210B4D00A4A0EB /* Build configuration list for PBXNativeTarget "GroupMeTest" */ = {
			isa = XCConfigurationList;
			buildConfigurations = (
				AFCD8AC61C210B4D00A4A0EB /* Debug */,
				AFCD8AC71C210B4D00A4A0EB /* Release */,
			);
			defaultConfigurationIsVisible = 0;
			defaultConfigurationName = Release;
		};
/* End XCConfigurationList section */
	};
	rootObject = AFCD8AAB1C210B4D00A4A0EB /* Project object */;
}
